
Microsoft Visual Studio Solution File, Format Version 12.00
# Visual Studio Version 16
VisualStudioVersion = 16.0.30320.27
MinimumVisualStudioVersion = 10.0.40219.1
Project("{FAE04EC0-301F-11D3-BF4B-00C04F79EFBC}") = "BilgeAdam.Composite.ConsoleApp", "BilgeAdam.Composite.ConsoleApp\BilgeAdam.Composite.ConsoleApp.csproj", "{8C40E47C-06DB-42E2-A172-56D3CA96E49A}"
EndProject
Project("{FAE04EC0-301F-11D3-BF4B-00C04F79EFBC}") = "BilgeAdam.OOP.Composite", "BilgeAdam.OOP.Composite\BilgeAdam.OOP.Composite.csproj", "{A3ACF1B2-AAF3-48CB-9C7C-F8B451A28385}"
EndProject
Project("{FAE04EC0-301F-11D3-BF4B-00C04F79EFBC}") = "BilgeAdam.OOP.App", "BilgeAdam.OOP.App\BilgeAdam.OOP.App.csproj", "{46C72207-96FA-407C-A5A4-114FCD100F50}"
EndProject
Global
	GlobalSection(SolutionConfigurationPlatforms) = preSolution
		Debug|Any CPU = Debug|Any CPU
		Release|Any CPU = Release|Any CPU
	EndGlobalSection
	GlobalSection(ProjectConfigurationPlatforms) = postSolution
		{8C40E47C-06DB-42E2-A172-56D3CA96E49A}.Debug|Any CPU.ActiveCfg = Debug|Any CPU
		{8C40E47C-06DB-42E2-A172-56D3CA96E49A}.Debug|Any CPU.Build.0 = Debug|Any CPU
		{8C40E47C-06DB-42E2-A172-56D3CA96E49A}.Release|Any CPU.ActiveCfg = Release|Any CPU
		{8C40E47C-06DB-42E2-A172-56D3CA96E49A}.Release|Any CPU.Build.0 = Release|Any CPU
		{A3ACF1B2-AAF3-48CB-9C7C-F8B451A28385}.Debug|Any CPU.ActiveCfg = Debug|Any CPU
		{A3ACF1B2-AAF3-48CB-9C7C-F8B451A28385}.Debug|Any CPU.Build.0 = Debug|Any CPU
		{A3ACF1B2-AAF3-48CB-9C7C-F8B451A28385}.Release|Any CPU.ActiveCfg = Release|Any CPU
		{A3ACF1B2-AAF3-48CB-9C7C-F8B451A28385}.Release|Any CPU.Build.0 = Release|Any CPU
		{46C72207-96FA-407C-A5A4-114FCD100F50}.Debug|Any CPU.ActiveCfg = Debug|Any CPU
		{46C72207-96FA-407C-A5A4-114FCD100F50}.Debug|Any CPU.Build.0 = Debug|Any CPU
		{46C72207-96FA-407C-A5A4-114FCD100F50}.Release|Any CPU.ActiveCfg = Release|Any CPU
		{46C72207-96FA-407C-A5A4-114FCD100F50}.Release|Any CPU.Build.0 = Release|Any CPU
	EndGlobalSection
	GlobalSection(SolutionProperties) = preSolution
		HideSolutionNode = FALSE
	EndGlobalSection
	GlobalSection(ExtensibilityGlobals) = postSolution
		SolutionGuid = {A4004B75-113A-4C73-9683-0875F27CF3B7}
	EndGlobalSection
EndGlobal
